{
  "name": "Dates",
  "version": "1.0.0",
  "lockfileVersion": 1,
  "requires": true,
  "dependencies": {
    "mockdate": {
      "version": "3.0.2",
      "resolved": "https://registry.npmjs.org/mockdate/-/mockdate-3.0.2.tgz",
      "integrity": "sha512-ldfYSUW1ocqSHGTK6rrODUiqAFPGAg0xaHqYJ5tvj1hQyFsjuHpuWgWFTZWwDVlzougN/s2/mhDr8r5nY5xDpA==",
      "dev": true
    }
  }
}
